PODS:
  - Alamofire (5.4.3)
  - Kingfisher (6.3.0)
  - KKBOXOpenAPISwift (1.1.7)
  - MJRefresh (3.7.2)
  - RxCocoa (5.1.1):
    - RxRelay (~> 5)
    - RxSwift (~> 5)
  - RxRelay (5.1.1):
    - RxSwift (~> 5)
  - RxSwift (5.1.2)

DEPENDENCIES:
  - Alamofire (~> 5.4)
  - Kingfisher (~> 6.0)
  - KKBOXOpenAPISwift
  - MJRefresh
  - RxCocoa (~> 5)
  - RxSwift (~> 5)

SPEC REPOS:
  trunk:
    - Alamofire
    - Kingfisher
    - KKBOXOpenAPISwift
    - MJRefresh
    - RxCocoa
    - RxRelay
    - RxSwift

SPEC CHECKSUMS:
  Alamofire: e447a2774a40c996748296fa2c55112fdbbc42f9
  Kingfisher: 6c3df386db71d82c0817a429d2c9421a77396529
  KKBOXOpenAPISwift: 3fe3b81821d0c1d9e9ba645a9000282c8435221e
  MJRefresh: 30997d30b347c8e9508a4db11e3a690da0c9b85a
  RxCocoa: 32065309a38d29b5b0db858819b5bf9ef038b601
  RxRelay: d77f7d771495f43c556cbc43eebd1bb54d01e8e9
  RxSwift: 1e2e1f9570186967f617e49128ed26ccf1bafc8e

PODFILE CHECKSUM: 24d2c6f35b55201c51c43cf3485d12c6d78e0a7d

COCOAPODS: 1.10.1
